
Microsoft Visual Studio Solution File, Format Version 12.00
# Visual Studio 15
VisualStudioVersion = 15.0.28307.1500
MinimumVisualStudioVersion = 10.0.40219.1
Project("{FAE04EC0-301F-11D3-BF4B-00C04F79EFBC}") = "Uri_1165", "Uri_1165\Uri_1165.csproj", "{8A4C3514-A528-42C4-AEDD-AD21AE475A15}"
EndProject
Global
	GlobalSection(SolutionConfigurationPlatforms) = preSolution
		Debug|Any CPU = Debug|Any CPU
		Release|Any CPU = Release|Any CPU
	EndGlobalSection
	GlobalSection(ProjectConfigurationPlatforms) = postSolution
		{8A4C3514-A528-42C4-AEDD-AD21AE475A15}.Debug|Any CPU.ActiveCfg = Debug|Any CPU
		{8A4C3514-A528-42C4-AEDD-AD21AE475A15}.Debug|Any CPU.Build.0 = Debug|Any CPU
		{8A4C3514-A528-42C4-AEDD-AD21AE475A15}.Release|Any CPU.ActiveCfg = Release|Any CPU
		{8A4C3514-A528-42C4-AEDD-AD21AE475A15}.Release|Any CPU.Build.0 = Release|Any CPU
	EndGlobalSection
	GlobalSection(SolutionProperties) = preSolution
		HideSolutionNode = FALSE
	EndGlobalSection
	GlobalSection(ExtensibilityGlobals) = postSolution
		SolutionGuid = {6D6D0442-A99D-429A-B5E9-6C6FB298ACDC}
	EndGlobalSection
EndGlobal
